{
  "name": "scene-engine-workspace",
  "version": "0.4.0",
  "lockfileVersion": 3,
  "requires": true,
  "packages": {
    "": {
      "name": "scene-engine-workspace",
      "version": "0.4.0",
      "workspaces": [
        "js/packages/*"
      ],
      "engines": {
        "node": "^20.19.0 || >=22.12.0",
        "npm": ">=10 <12"
      }
    },
    "js/packages/display-core": {
      "name": "@scene-engine/display-core",
      "version": "0.4.0",
      "engines": {
        "node": "^20.19.0 || >=22.12.0"
      }
    },
    "js/packages/presentation-archive": {
      "name": "@scene-engine/presentation-archive-node",
      "version": "0.4.0",
      "dependencies": {
        "@scene-engine/presentation-codec": "0.4.0"
      },
      "engines": {
        "node": "^20.19.0 || >=22.12.0"
      }
    },
    "js/packages/presentation-codec": {
      "name": "@scene-engine/presentation-codec",
      "version": "0.4.0",
      "engines": {
        "node": "^20.19.0 || >=22.12.0"
      }
    },
    "js/packages/presentation-session": {
      "name": "@scene-engine/presentation-session",
      "version": "0.4.0",
      "dependencies": {
        "@scene-engine/presentation-codec": "0.4.0"
      },
      "engines": {
        "node": "^20.19.0 || >=22.12.0"
      }
    },
    "js/packages/renderer-three": {
      "name": "@scene-engine/renderer-three",
      "version": "0.4.0",
      "engines": {
        "node": "^20.19.0 || >=22.12.0"
      },
      "peerDependencies": {
        "three": ">=0.181.0 <1"
      },
      "peerDependenciesMeta": {
        "three": {
          "optional": true
        }
      }
    },
    "js/packages/replay-core": {
      "name": "@scene-engine/replay-core",
      "version": "0.4.0",
      "dependencies": {
        "@scene-engine/presentation-codec": "0.4.0",
        "@scene-engine/presentation-session": "0.4.0"
      },
      "engines": {
        "node": "^20.19.0 || >=22.12.0"
      }
    },
    "node_modules/@scene-engine/display-core": {
      "resolved": "js/packages/display-core",
      "link": true
    },
    "node_modules/@scene-engine/presentation-archive-node": {
      "resolved": "js/packages/presentation-archive",
      "link": true
    },
    "node_modules/@scene-engine/presentation-codec": {
      "resolved": "js/packages/presentation-codec",
      "link": true
    },
    "node_modules/@scene-engine/presentation-session": {
      "resolved": "js/packages/presentation-session",
      "link": true
    },
    "node_modules/@scene-engine/renderer-three": {
      "resolved": "js/packages/renderer-three",
      "link": true
    },
    "node_modules/@scene-engine/replay-core": {
      "resolved": "js/packages/replay-core",
      "link": true
    }
  }
}
